
Microsoft Visual Studio Solution File, Format Version 12.00
# Visual Studio Version 16
VisualStudioVersion = 16.0.31605.320
MinimumVisualStudioVersion = 10.0.40219.1
Project("{9A19103F-16F7-4668-BE54-9A1E7A4F7556}") = "POne.Identity.Infra", "POne.Identity.Infra\POne.Identity.Infra.csproj", "{6A956B80-F0CA-44C8-9587-E4FC5C2DC976}"
EndProject
Project("{2150E333-8FDC-42A3-9474-1A3956D46DE8}") = "01 - Identity", "01 - Identity", "{A4E229BD-6C2F-47E7-9F0A-879332215A1A}"
EndProject
Project("{9A19103F-16F7-4668-BE54-9A1E7A4F7556}") = "POne.Identity.Business", "POne.Identity.Business\POne.Identity.Business.csproj", "{A870C440-984C-4C60-A730-DA38ED151851}"
EndProject
Project("{2150E333-8FDC-42A3-9474-1A3956D46DE8}") = "02 - Admin", "02 - Admin", "{D1265800-AD09-4266-BC30-89F325708FF0}"
EndProject
Project("{9A19103F-16F7-4668-BE54-9A1E7A4F7556}") = "POne.Identity.Api", "POne.Identity.Api\POne.Identity.Api.csproj", "{F8F579DE-5684-4F05-97B0-F8E3FCB46DD1}"
EndProject
Project("{9A19103F-16F7-4668-BE54-9A1E7A4F7556}") = "POne.Admin.Api", "POne.Admin.Api\POne.Admin.Api.csproj", "{F7FCC784-1A8D-4D68-9E3A-B21E18B98FAD}"
EndProject
Project("{9A19103F-16F7-4668-BE54-9A1E7A4F7556}") = "POne.Admin.Infra", "POne.Admin.Infra\POne.Admin.Infra.csproj", "{ED12C32C-4A3F-493A-AB75-EBC6BDAFE218}"
EndProject
Project("{9A19103F-16F7-4668-BE54-9A1E7A4F7556}") = "POne.Admin.Business", "POne.Admin.Business\POne.Admin.Business.csproj", "{19AA8F88-324E-42F9-BD42-8D283F315426}"
EndProject
Project("{2150E333-8FDC-42A3-9474-1A3956D46DE8}") = "03 - App", "03 - App", "{E0416AF4-2891-4409-8D56-ED2517255B96}"
EndProject
Project("{9A19103F-16F7-4668-BE54-9A1E7A4F7556}") = "POne.App.Api", "POne.App.Api\POne.App.Api.csproj", "{1688105B-9BB5-47B2-B772-D17B8334EF5A}"
EndProject
Project("{9A19103F-16F7-4668-BE54-9A1E7A4F7556}") = "POne.App.Business", "POne.App.Business\POne.App.Business.csproj", "{5C6A1F1F-D09C-4438-9019-89645F7D6770}"
EndProject
Project("{9A19103F-16F7-4668-BE54-9A1E7A4F7556}") = "POne.App.Infra", "POne.App.Infra\POne.App.Infra.csproj", "{0FF718D4-BF23-4625-AE6F-18CD3192E230}"
EndProject
Project("{9A19103F-16F7-4668-BE54-9A1E7A4F7556}") = "POne.Core", "POne.Core\POne.Core.csproj", "{EED9CB29-B87B-4E2C-BF9D-7D3629C43815}"
EndProject
Project("{9A19103F-16F7-4668-BE54-9A1E7A4F7556}") = "POne.Domain", "POne.Domain\POne.Domain.csproj", "{2A3BE184-6E6C-47CF-9892-E579D9A1ABD4}"
EndProject
Project("{9A19103F-16F7-4668-BE54-9A1E7A4F7556}") = "POne.Infra", "POne.Infra\POne.Infra.csproj", "{973C3659-A0C0-44EE-8A8C-ABA66EB3E887}"
EndProject
Project("{9A19103F-16F7-4668-BE54-9A1E7A4F7556}") = "POne.Identity.Domain", "POne.Identity.Domain\POne.Identity.Domain.csproj", "{A973E0A1-95F3-404D-B2D9-075BCFEE93A0}"
EndProject
Project("{2150E333-8FDC-42A3-9474-1A3956D46DE8}") = "00 - Shared", "00 - Shared", "{94F53954-CF4F-4822-856A-84F15A11AB02}"
EndProject
Project("{9A19103F-16F7-4668-BE54-9A1E7A4F7556}") = "POne.Api", "POne.Api\POne.Api.csproj", "{735C14AC-44FC-49EF-A779-2E318F4A4C88}"
EndProject
Project("{FAE04EC0-301F-11D3-BF4B-00C04F79EFBC}") = "POne.App.Domain", "POne.App.Domain\POne.App.Domain.csproj", "{0E3C7FD3-3CAC-4F0E-B2E1-C317CB5BD990}"
EndProject
Project("{2150E333-8FDC-42A3-9474-1A3956D46DE8}") = "04 - Financial", "04 - Financial", "{271E9717-E4CA-49BE-BD7F-C5F8F16B1454}"
EndProject
Project("{FAE04EC0-301F-11D3-BF4B-00C04F79EFBC}") = "POne.Financial.Api", "POne.Financial.Api\POne.Financial.Api.csproj", "{B10876AA-CD60-47F4-BA64-CB22857DC4A1}"
EndProject
Project("{FAE04EC0-301F-11D3-BF4B-00C04F79EFBC}") = "POne.Financial.Business", "POne.Financial.Business\POne.Financial.Business.csproj", "{7B9BD238-33E3-4EDB-A92A-C995ADF82344}"
EndProject
Project("{FAE04EC0-301F-11D3-BF4B-00C04F79EFBC}") = "POne.Financial.Domain", "POne.Financial.Domain\POne.Financial.Domain.csproj", "{46C43068-0FBB-459A-B072-A82270749B80}"
EndProject
Project("{FAE04EC0-301F-11D3-BF4B-00C04F79EFBC}") = "POne.Financial.Infra", "POne.Financial.Infra\POne.Financial.Infra.csproj", "{98940AF6-DA4B-4377-8CAB-D3CDE0455814}"
EndProject
Global
	GlobalSection(SolutionConfigurationPlatforms) = preSolution
		Debug|Any CPU = Debug|Any CPU
		Release|Any CPU = Release|Any CPU
	EndGlobalSection
	GlobalSection(ProjectConfigurationPlatforms) = postSolution
		{6A956B80-F0CA-44C8-9587-E4FC5C2DC976}.Debug|Any CPU.ActiveCfg = Debug|Any CPU
		{6A956B80-F0CA-44C8-9587-E4FC5C2DC976}.Debug|Any CPU.Build.0 = Debug|Any CPU
		{6A956B80-F0CA-44C8-9587-E4FC5C2DC976}.Release|Any CPU.ActiveCfg = Release|Any CPU
		{6A956B80-F0CA-44C8-9587-E4FC5C2DC976}.Release|Any CPU.Build.0 = Release|Any CPU
		{A870C440-984C-4C60-A730-DA38ED151851}.Debug|Any CPU.ActiveCfg = Debug|Any CPU
		{A870C440-984C-4C60-A730-DA38ED151851}.Debug|Any CPU.Build.0 = Debug|Any CPU
		{A870C440-984C-4C60-A730-DA38ED151851}.Release|Any CPU.ActiveCfg = Release|Any CPU
		{A870C440-984C-4C60-A730-DA38ED151851}.Release|Any CPU.Build.0 = Release|Any CPU
		{F8F579DE-5684-4F05-97B0-F8E3FCB46DD1}.Debug|Any CPU.ActiveCfg = Debug|Any CPU
		{F8F579DE-5684-4F05-97B0-F8E3FCB46DD1}.Debug|Any CPU.Build.0 = Debug|Any CPU
		{F8F579DE-5684-4F05-97B0-F8E3FCB46DD1}.Release|Any CPU.ActiveCfg = Release|Any CPU
		{F8F579DE-5684-4F05-97B0-F8E3FCB46DD1}.Release|Any CPU.Build.0 = Release|Any CPU
		{F7FCC784-1A8D-4D68-9E3A-B21E18B98FAD}.Debug|Any CPU.ActiveCfg = Debug|Any CPU
		{F7FCC784-1A8D-4D68-9E3A-B21E18B98FAD}.Debug|Any CPU.Build.0 = Debug|Any CPU
		{F7FCC784-1A8D-4D68-9E3A-B21E18B98FAD}.Release|Any CPU.ActiveCfg = Release|Any CPU
		{F7FCC784-1A8D-4D68-9E3A-B21E18B98FAD}.Release|Any CPU.Build.0 = Release|Any CPU
		{ED12C32C-4A3F-493A-AB75-EBC6BDAFE218}.Debug|Any CPU.ActiveCfg = Debug|Any CPU
		{ED12C32C-4A3F-493A-AB75-EBC6BDAFE218}.Debug|Any CPU.Build.0 = Debug|Any CPU
		{ED12C32C-4A3F-493A-AB75-EBC6BDAFE218}.Release|Any CPU.ActiveCfg = Release|Any CPU
		{ED12C32C-4A3F-493A-AB75-EBC6BDAFE218}.Release|Any CPU.Build.0 = Release|Any CPU
		{19AA8F88-324E-42F9-BD42-8D283F315426}.Debug|Any CPU.ActiveCfg = Debug|Any CPU
		{19AA8F88-324E-42F9-BD42-8D283F315426}.Debug|Any CPU.Build.0 = Debug|Any CPU
		{19AA8F88-324E-42F9-BD42-8D283F315426}.Release|Any CPU.ActiveCfg = Release|Any CPU
		{19AA8F88-324E-42F9-BD42-8D283F315426}.Release|Any CPU.Build.0 = Release|Any CPU
		{1688105B-9BB5-47B2-B772-D17B8334EF5A}.Debug|Any CPU.ActiveCfg = Debug|Any CPU
		{1688105B-9BB5-47B2-B772-D17B8334EF5A}.Debug|Any CPU.Build.0 = Debug|Any CPU
		{1688105B-9BB5-47B2-B772-D17B8334EF5A}.Release|Any CPU.ActiveCfg = Release|Any CPU
		{1688105B-9BB5-47B2-B772-D17B8334EF5A}.Release|Any CPU.Build.0 = Release|Any CPU
		{5C6A1F1F-D09C-4438-9019-89645F7D6770}.Debug|Any CPU.ActiveCfg = Debug|Any CPU
		{5C6A1F1F-D09C-4438-9019-89645F7D6770}.Debug|Any CPU.Build.0 = Debug|Any CPU
		{5C6A1F1F-D09C-4438-9019-89645F7D6770}.Release|Any CPU.ActiveCfg = Release|Any CPU
		{5C6A1F1F-D09C-4438-9019-89645F7D6770}.Release|Any CPU.Build.0 = Release|Any CPU
		{0FF718D4-BF23-4625-AE6F-18CD3192E230}.Debug|Any CPU.ActiveCfg = Debug|Any CPU
		{0FF718D4-BF23-4625-AE6F-18CD3192E230}.Debug|Any CPU.Build.0 = Debug|Any CPU
		{0FF718D4-BF23-4625-AE6F-18CD3192E230}.Release|Any CPU.ActiveCfg = Release|Any CPU
		{0FF718D4-BF23-4625-AE6F-18CD3192E230}.Release|Any CPU.Build.0 = Release|Any CPU
		{EED9CB29-B87B-4E2C-BF9D-7D3629C43815}.Debug|Any CPU.ActiveCfg = Debug|Any CPU
		{EED9CB29-B87B-4E2C-BF9D-7D3629C43815}.Debug|Any CPU.Build.0 = Debug|Any CPU
		{EED9CB29-B87B-4E2C-BF9D-7D3629C43815}.Release|Any CPU.ActiveCfg = Release|Any CPU
		{EED9CB29-B87B-4E2C-BF9D-7D3629C43815}.Release|Any CPU.Build.0 = Release|Any CPU
		{2A3BE184-6E6C-47CF-9892-E579D9A1ABD4}.Debug|Any CPU.ActiveCfg = Debug|Any CPU
		{2A3BE184-6E6C-47CF-9892-E579D9A1ABD4}.Debug|Any CPU.Build.0 = Debug|Any CPU
		{2A3BE184-6E6C-47CF-9892-E579D9A1ABD4}.Release|Any CPU.ActiveCfg = Release|Any CPU
		{2A3BE184-6E6C-47CF-9892-E579D9A1ABD4}.Release|Any CPU.Build.0 = Release|Any CPU
		{973C3659-A0C0-44EE-8A8C-ABA66EB3E887}.Debug|Any CPU.ActiveCfg = Debug|Any CPU
		{973C3659-A0C0-44EE-8A8C-ABA66EB3E887}.Debug|Any CPU.Build.0 = Debug|Any CPU
		{973C3659-A0C0-44EE-8A8C-ABA66EB3E887}.Release|Any CPU.ActiveCfg = Release|Any CPU
		{973C3659-A0C0-44EE-8A8C-ABA66EB3E887}.Release|Any CPU.Build.0 = Release|Any CPU
		{A973E0A1-95F3-404D-B2D9-075BCFEE93A0}.Debug|Any CPU.ActiveCfg = Debug|Any CPU
		{A973E0A1-95F3-404D-B2D9-075BCFEE93A0}.Debug|Any CPU.Build.0 = Debug|Any CPU
		{A973E0A1-95F3-404D-B2D9-075BCFEE93A0}.Release|Any CPU.ActiveCfg = Release|Any CPU
		{A973E0A1-95F3-404D-B2D9-075BCFEE93A0}.Release|Any CPU.Build.0 = Release|Any CPU
		{735C14AC-44FC-49EF-A779-2E318F4A4C88}.Debug|Any CPU.ActiveCfg = Debug|Any CPU
		{735C14AC-44FC-49EF-A779-2E318F4A4C88}.Debug|Any CPU.Build.0 = Debug|Any CPU
		{735C14AC-44FC-49EF-A779-2E318F4A4C88}.Release|Any CPU.ActiveCfg = Release|Any CPU
		{735C14AC-44FC-49EF-A779-2E318F4A4C88}.Release|Any CPU.Build.0 = Release|Any CPU
		{0E3C7FD3-3CAC-4F0E-B2E1-C317CB5BD990}.Debug|Any CPU.ActiveCfg = Debug|Any CPU
		{0E3C7FD3-3CAC-4F0E-B2E1-C317CB5BD990}.Debug|Any CPU.Build.0 = Debug|Any CPU
		{0E3C7FD3-3CAC-4F0E-B2E1-C317CB5BD990}.Release|Any CPU.ActiveCfg = Release|Any CPU
		{0E3C7FD3-3CAC-4F0E-B2E1-C317CB5BD990}.Release|Any CPU.Build.0 = Release|Any CPU
		{B10876AA-CD60-47F4-BA64-CB22857DC4A1}.Debug|Any CPU.ActiveCfg = Debug|Any CPU
		{B10876AA-CD60-47F4-BA64-CB22857DC4A1}.Debug|Any CPU.Build.0 = Debug|Any CPU
		{B10876AA-CD60-47F4-BA64-CB22857DC4A1}.Release|Any CPU.ActiveCfg = Release|Any CPU
		{B10876AA-CD60-47F4-BA64-CB22857DC4A1}.Release|Any CPU.Build.0 = Release|Any CPU
		{7B9BD238-33E3-4EDB-A92A-C995ADF82344}.Debug|Any CPU.ActiveCfg = Debug|Any CPU
		{7B9BD238-33E3-4EDB-A92A-C995ADF82344}.Debug|Any CPU.Build.0 = Debug|Any CPU
		{7B9BD238-33E3-4EDB-A92A-C995ADF82344}.Release|Any CPU.ActiveCfg = Release|Any CPU
		{7B9BD238-33E3-4EDB-A92A-C995ADF82344}.Release|Any CPU.Build.0 = Release|Any CPU
		{46C43068-0FBB-459A-B072-A82270749B80}.Debug|Any CPU.ActiveCfg = Debug|Any CPU
		{46C43068-0FBB-459A-B072-A82270749B80}.Debug|Any CPU.Build.0 = Debug|Any CPU
		{46C43068-0FBB-459A-B072-A82270749B80}.Release|Any CPU.ActiveCfg = Release|Any CPU
		{46C43068-0FBB-459A-B072-A82270749B80}.Release|Any CPU.Build.0 = Release|Any CPU
		{98940AF6-DA4B-4377-8CAB-D3CDE0455814}.Debug|Any CPU.ActiveCfg = Debug|Any CPU
		{98940AF6-DA4B-4377-8CAB-D3CDE0455814}.Debug|Any CPU.Build.0 = Debug|Any CPU
		{98940AF6-DA4B-4377-8CAB-D3CDE0455814}.Release|Any CPU.ActiveCfg = Release|Any CPU
		{98940AF6-DA4B-4377-8CAB-D3CDE0455814}.Release|Any CPU.Build.0 = Release|Any CPU
	EndGlobalSection
	GlobalSection(SolutionProperties) = preSolution
		HideSolutionNode = FALSE
	EndGlobalSection
	GlobalSection(NestedProjects) = preSolution
		{6A956B80-F0CA-44C8-9587-E4FC5C2DC976} = {A4E229BD-6C2F-47E7-9F0A-879332215A1A}
		{A870C440-984C-4C60-A730-DA38ED151851} = {A4E229BD-6C2F-47E7-9F0A-879332215A1A}
		{F8F579DE-5684-4F05-97B0-F8E3FCB46DD1} = {A4E229BD-6C2F-47E7-9F0A-879332215A1A}
		{F7FCC784-1A8D-4D68-9E3A-B21E18B98FAD} = {D1265800-AD09-4266-BC30-89F325708FF0}
		{ED12C32C-4A3F-493A-AB75-EBC6BDAFE218} = {D1265800-AD09-4266-BC30-89F325708FF0}
		{19AA8F88-324E-42F9-BD42-8D283F315426} = {D1265800-AD09-4266-BC30-89F325708FF0}
		{1688105B-9BB5-47B2-B772-D17B8334EF5A} = {E0416AF4-2891-4409-8D56-ED2517255B96}
		{5C6A1F1F-D09C-4438-9019-89645F7D6770} = {E0416AF4-2891-4409-8D56-ED2517255B96}
		{0FF718D4-BF23-4625-AE6F-18CD3192E230} = {E0416AF4-2891-4409-8D56-ED2517255B96}
		{EED9CB29-B87B-4E2C-BF9D-7D3629C43815} = {94F53954-CF4F-4822-856A-84F15A11AB02}
		{2A3BE184-6E6C-47CF-9892-E579D9A1ABD4} = {94F53954-CF4F-4822-856A-84F15A11AB02}
		{973C3659-A0C0-44EE-8A8C-ABA66EB3E887} = {94F53954-CF4F-4822-856A-84F15A11AB02}
		{A973E0A1-95F3-404D-B2D9-075BCFEE93A0} = {A4E229BD-6C2F-47E7-9F0A-879332215A1A}
		{735C14AC-44FC-49EF-A779-2E318F4A4C88} = {94F53954-CF4F-4822-856A-84F15A11AB02}
		{0E3C7FD3-3CAC-4F0E-B2E1-C317CB5BD990} = {E0416AF4-2891-4409-8D56-ED2517255B96}
		{B10876AA-CD60-47F4-BA64-CB22857DC4A1} = {271E9717-E4CA-49BE-BD7F-C5F8F16B1454}
		{7B9BD238-33E3-4EDB-A92A-C995ADF82344} = {271E9717-E4CA-49BE-BD7F-C5F8F16B1454}
		{46C43068-0FBB-459A-B072-A82270749B80} = {271E9717-E4CA-49BE-BD7F-C5F8F16B1454}
		{98940AF6-DA4B-4377-8CAB-D3CDE0455814} = {271E9717-E4CA-49BE-BD7F-C5F8F16B1454}
	EndGlobalSection
	GlobalSection(ExtensibilityGlobals) = postSolution
		SolutionGuid = {BB173A27-51F9-4EC1-BA21-21270EBBE7E6}
	EndGlobalSection
EndGlobal
