
Microsoft Visual Studio Solution File, Format Version 12.00
# Visual Studio Version 17
VisualStudioVersion = 17.1.32210.238
MinimumVisualStudioVersion = 10.0.40219.1
Project("{9A19103F-16F7-4668-BE54-9A1E7A4F7556}") = "POne.Identity.Infra", "POne.Identity.Infra\POne.Identity.Infra.csproj", "{6A956B80-F0CA-44C8-9587-E4FC5C2DC976}"
EndProject
Project("{2150E333-8FDC-42A3-9474-1A3956D46DE8}") = "01 - Identity", "01 - Identity", "{A4E229BD-6C2F-47E7-9F0A-879332215A1A}"
EndProject
Project("{9A19103F-16F7-4668-BE54-9A1E7A4F7556}") = "POne.Identity.Business", "POne.Identity.Business\POne.Identity.Business.csproj", "{A870C440-984C-4C60-A730-DA38ED151851}"
EndProject
Project("{9A19103F-16F7-4668-BE54-9A1E7A4F7556}") = "POne.Identity.Api", "POne.Identity.Api\POne.Identity.Api.csproj", "{F8F579DE-5684-4F05-97B0-F8E3FCB46DD1}"
EndProject
Project("{9A19103F-16F7-4668-BE54-9A1E7A4F7556}") = "POne.Core", "POne.Core\POne.Core.csproj", "{EED9CB29-B87B-4E2C-BF9D-7D3629C43815}"
EndProject
Project("{9A19103F-16F7-4668-BE54-9A1E7A4F7556}") = "POne.Domain", "POne.Domain\POne.Domain.csproj", "{2A3BE184-6E6C-47CF-9892-E579D9A1ABD4}"
EndProject
Project("{9A19103F-16F7-4668-BE54-9A1E7A4F7556}") = "POne.Infra", "POne.Infra\POne.Infra.csproj", "{973C3659-A0C0-44EE-8A8C-ABA66EB3E887}"
EndProject
Project("{9A19103F-16F7-4668-BE54-9A1E7A4F7556}") = "POne.Identity.Domain", "POne.Identity.Domain\POne.Identity.Domain.csproj", "{A973E0A1-95F3-404D-B2D9-075BCFEE93A0}"
EndProject
Project("{2150E333-8FDC-42A3-9474-1A3956D46DE8}") = "00 - Shared", "00 - Shared", "{94F53954-CF4F-4822-856A-84F15A11AB02}"
EndProject
Project("{9A19103F-16F7-4668-BE54-9A1E7A4F7556}") = "POne.Api", "POne.Api\POne.Api.csproj", "{735C14AC-44FC-49EF-A779-2E318F4A4C88}"
EndProject
Project("{2150E333-8FDC-42A3-9474-1A3956D46DE8}") = "02 - Financial", "02 - Financial", "{271E9717-E4CA-49BE-BD7F-C5F8F16B1454}"
EndProject
Project("{9A19103F-16F7-4668-BE54-9A1E7A4F7556}") = "POne.Financial.Api", "POne.Financial.Api\POne.Financial.Api.csproj", "{B10876AA-CD60-47F4-BA64-CB22857DC4A1}"
EndProject
Project("{9A19103F-16F7-4668-BE54-9A1E7A4F7556}") = "POne.Financial.Business", "POne.Financial.Business\POne.Financial.Business.csproj", "{7B9BD238-33E3-4EDB-A92A-C995ADF82344}"
EndProject
Project("{9A19103F-16F7-4668-BE54-9A1E7A4F7556}") = "POne.Financial.Domain", "POne.Financial.Domain\POne.Financial.Domain.csproj", "{46C43068-0FBB-459A-B072-A82270749B80}"
EndProject
Project("{9A19103F-16F7-4668-BE54-9A1E7A4F7556}") = "POne.Financial.Infra", "POne.Financial.Infra\POne.Financial.Infra.csproj", "{98940AF6-DA4B-4377-8CAB-D3CDE0455814}"
EndProject
Project("{2150E333-8FDC-42A3-9474-1A3956D46DE8}") = "03 - Notifier", "03 - Notifier", "{70A74F67-1902-4F94-A4D5-B36A8E33F23C}"
EndProject
Project("{9A19103F-16F7-4668-BE54-9A1E7A4F7556}") = "POne.Notifier.Domain", "POne.Notifier.Domain\POne.Notifier.Domain.csproj", "{876B1E3D-D7A4-4031-AD9A-8901B1CAEE70}"
EndProject
Project("{9A19103F-16F7-4668-BE54-9A1E7A4F7556}") = "POne.Notifier.Infra", "POne.Notifier.Infra\POne.Notifier.Infra.csproj", "{824DC0F7-865D-48D8-8EAE-A79CA0709C0C}"
EndProject
Project("{9A19103F-16F7-4668-BE54-9A1E7A4F7556}") = "POne.Notifier.Api", "POne.Notifier.Api\POne.Notifier.Api.csproj", "{88BF301F-585B-4893-8040-C239B7BD6CC2}"
EndProject
Project("{9A19103F-16F7-4668-BE54-9A1E7A4F7556}") = "POne.Notifier.Business", "POne.Notifier.Business\POne.Notifier.Business.csproj", "{40D0763D-7585-4B28-A745-C15239F19B83}"
EndProject
Project("{2150E333-8FDC-42A3-9474-1A3956D46DE8}") = "99 - Environment", "99 - Environment", "{39D82153-A067-4353-B613-09BF569F8884}"
	ProjectSection(SolutionItems) = preProject
		.editorconfig = .editorconfig
	EndProjectSection
EndProject
Project("{2150E333-8FDC-42A3-9474-1A3956D46DE8}") = "98 - Azure", "98 - Azure", "{9506844F-CA8C-4106-B7DF-36C086515D5F}"
	ProjectSection(SolutionItems) = preProject
		.github\workflows\master_poneadminapi.yml = .github\workflows\master_poneadminapi.yml
		.github\workflows\master_ponefinancialapi.yml = .github\workflows\master_ponefinancialapi.yml
		.github\workflows\master_poneidentityapi.yml = .github\workflows\master_poneidentityapi.yml
		.github\workflows\master_ponenotifierapi.yml = .github\workflows\master_ponenotifierapi.yml
	EndProjectSection
EndProject
Global
	GlobalSection(SolutionConfigurationPlatforms) = preSolution
		Debug|Any CPU = Debug|Any CPU
		Release|Any CPU = Release|Any CPU
	EndGlobalSection
	GlobalSection(ProjectConfigurationPlatforms) = postSolution
		{6A956B80-F0CA-44C8-9587-E4FC5C2DC976}.Debug|Any CPU.ActiveCfg = Debug|Any CPU
		{6A956B80-F0CA-44C8-9587-E4FC5C2DC976}.Debug|Any CPU.Build.0 = Debug|Any CPU
		{6A956B80-F0CA-44C8-9587-E4FC5C2DC976}.Release|Any CPU.ActiveCfg = Release|Any CPU
		{6A956B80-F0CA-44C8-9587-E4FC5C2DC976}.Release|Any CPU.Build.0 = Release|Any CPU
		{A870C440-984C-4C60-A730-DA38ED151851}.Debug|Any CPU.ActiveCfg = Debug|Any CPU
		{A870C440-984C-4C60-A730-DA38ED151851}.Debug|Any CPU.Build.0 = Debug|Any CPU
		{A870C440-984C-4C60-A730-DA38ED151851}.Release|Any CPU.ActiveCfg = Release|Any CPU
		{A870C440-984C-4C60-A730-DA38ED151851}.Release|Any CPU.Build.0 = Release|Any CPU
		{F8F579DE-5684-4F05-97B0-F8E3FCB46DD1}.Debug|Any CPU.ActiveCfg = Debug|Any CPU
		{F8F579DE-5684-4F05-97B0-F8E3FCB46DD1}.Debug|Any CPU.Build.0 = Debug|Any CPU
		{F8F579DE-5684-4F05-97B0-F8E3FCB46DD1}.Release|Any CPU.ActiveCfg = Release|Any CPU
		{F8F579DE-5684-4F05-97B0-F8E3FCB46DD1}.Release|Any CPU.Build.0 = Release|Any CPU
		{EED9CB29-B87B-4E2C-BF9D-7D3629C43815}.Debug|Any CPU.ActiveCfg = Debug|Any CPU
		{EED9CB29-B87B-4E2C-BF9D-7D3629C43815}.Debug|Any CPU.Build.0 = Debug|Any CPU
		{EED9CB29-B87B-4E2C-BF9D-7D3629C43815}.Release|Any CPU.ActiveCfg = Release|Any CPU
		{EED9CB29-B87B-4E2C-BF9D-7D3629C43815}.Release|Any CPU.Build.0 = Release|Any CPU
		{2A3BE184-6E6C-47CF-9892-E579D9A1ABD4}.Debug|Any CPU.ActiveCfg = Debug|Any CPU
		{2A3BE184-6E6C-47CF-9892-E579D9A1ABD4}.Debug|Any CPU.Build.0 = Debug|Any CPU
		{2A3BE184-6E6C-47CF-9892-E579D9A1ABD4}.Release|Any CPU.ActiveCfg = Release|Any CPU
		{2A3BE184-6E6C-47CF-9892-E579D9A1ABD4}.Release|Any CPU.Build.0 = Release|Any CPU
		{973C3659-A0C0-44EE-8A8C-ABA66EB3E887}.Debug|Any CPU.ActiveCfg = Debug|Any CPU
		{973C3659-A0C0-44EE-8A8C-ABA66EB3E887}.Debug|Any CPU.Build.0 = Debug|Any CPU
		{973C3659-A0C0-44EE-8A8C-ABA66EB3E887}.Release|Any CPU.ActiveCfg = Release|Any CPU
		{973C3659-A0C0-44EE-8A8C-ABA66EB3E887}.Release|Any CPU.Build.0 = Release|Any CPU
		{A973E0A1-95F3-404D-B2D9-075BCFEE93A0}.Debug|Any CPU.ActiveCfg = Debug|Any CPU
		{A973E0A1-95F3-404D-B2D9-075BCFEE93A0}.Debug|Any CPU.Build.0 = Debug|Any CPU
		{A973E0A1-95F3-404D-B2D9-075BCFEE93A0}.Release|Any CPU.ActiveCfg = Release|Any CPU
		{A973E0A1-95F3-404D-B2D9-075BCFEE93A0}.Release|Any CPU.Build.0 = Release|Any CPU
		{735C14AC-44FC-49EF-A779-2E318F4A4C88}.Debug|Any CPU.ActiveCfg = Debug|Any CPU
		{735C14AC-44FC-49EF-A779-2E318F4A4C88}.Debug|Any CPU.Build.0 = Debug|Any CPU
		{735C14AC-44FC-49EF-A779-2E318F4A4C88}.Release|Any CPU.ActiveCfg = Debug|Any CPU
		{735C14AC-44FC-49EF-A779-2E318F4A4C88}.Release|Any CPU.Build.0 = Debug|Any CPU
		{B10876AA-CD60-47F4-BA64-CB22857DC4A1}.Debug|Any CPU.ActiveCfg = Debug|Any CPU
		{B10876AA-CD60-47F4-BA64-CB22857DC4A1}.Debug|Any CPU.Build.0 = Debug|Any CPU
		{B10876AA-CD60-47F4-BA64-CB22857DC4A1}.Release|Any CPU.ActiveCfg = Release|Any CPU
		{B10876AA-CD60-47F4-BA64-CB22857DC4A1}.Release|Any CPU.Build.0 = Release|Any CPU
		{7B9BD238-33E3-4EDB-A92A-C995ADF82344}.Debug|Any CPU.ActiveCfg = Debug|Any CPU
		{7B9BD238-33E3-4EDB-A92A-C995ADF82344}.Debug|Any CPU.Build.0 = Debug|Any CPU
		{7B9BD238-33E3-4EDB-A92A-C995ADF82344}.Release|Any CPU.ActiveCfg = Release|Any CPU
		{7B9BD238-33E3-4EDB-A92A-C995ADF82344}.Release|Any CPU.Build.0 = Release|Any CPU
		{46C43068-0FBB-459A-B072-A82270749B80}.Debug|Any CPU.ActiveCfg = Debug|Any CPU
		{46C43068-0FBB-459A-B072-A82270749B80}.Debug|Any CPU.Build.0 = Debug|Any CPU
		{46C43068-0FBB-459A-B072-A82270749B80}.Release|Any CPU.ActiveCfg = Release|Any CPU
		{46C43068-0FBB-459A-B072-A82270749B80}.Release|Any CPU.Build.0 = Release|Any CPU
		{98940AF6-DA4B-4377-8CAB-D3CDE0455814}.Debug|Any CPU.ActiveCfg = Debug|Any CPU
		{98940AF6-DA4B-4377-8CAB-D3CDE0455814}.Debug|Any CPU.Build.0 = Debug|Any CPU
		{98940AF6-DA4B-4377-8CAB-D3CDE0455814}.Release|Any CPU.ActiveCfg = Release|Any CPU
		{98940AF6-DA4B-4377-8CAB-D3CDE0455814}.Release|Any CPU.Build.0 = Release|Any CPU
		{876B1E3D-D7A4-4031-AD9A-8901B1CAEE70}.Debug|Any CPU.ActiveCfg = Debug|Any CPU
		{876B1E3D-D7A4-4031-AD9A-8901B1CAEE70}.Debug|Any CPU.Build.0 = Debug|Any CPU
		{876B1E3D-D7A4-4031-AD9A-8901B1CAEE70}.Release|Any CPU.ActiveCfg = Release|Any CPU
		{876B1E3D-D7A4-4031-AD9A-8901B1CAEE70}.Release|Any CPU.Build.0 = Release|Any CPU
		{824DC0F7-865D-48D8-8EAE-A79CA0709C0C}.Debug|Any CPU.ActiveCfg = Debug|Any CPU
		{824DC0F7-865D-48D8-8EAE-A79CA0709C0C}.Debug|Any CPU.Build.0 = Debug|Any CPU
		{824DC0F7-865D-48D8-8EAE-A79CA0709C0C}.Release|Any CPU.ActiveCfg = Release|Any CPU
		{824DC0F7-865D-48D8-8EAE-A79CA0709C0C}.Release|Any CPU.Build.0 = Release|Any CPU
		{88BF301F-585B-4893-8040-C239B7BD6CC2}.Debug|Any CPU.ActiveCfg = Debug|Any CPU
		{88BF301F-585B-4893-8040-C239B7BD6CC2}.Debug|Any CPU.Build.0 = Debug|Any CPU
		{88BF301F-585B-4893-8040-C239B7BD6CC2}.Release|Any CPU.ActiveCfg = Release|Any CPU
		{88BF301F-585B-4893-8040-C239B7BD6CC2}.Release|Any CPU.Build.0 = Release|Any CPU
		{40D0763D-7585-4B28-A745-C15239F19B83}.Debug|Any CPU.ActiveCfg = Debug|Any CPU
		{40D0763D-7585-4B28-A745-C15239F19B83}.Debug|Any CPU.Build.0 = Debug|Any CPU
		{40D0763D-7585-4B28-A745-C15239F19B83}.Release|Any CPU.ActiveCfg = Release|Any CPU
		{40D0763D-7585-4B28-A745-C15239F19B83}.Release|Any CPU.Build.0 = Release|Any CPU
	EndGlobalSection
	GlobalSection(SolutionProperties) = preSolution
		HideSolutionNode = FALSE
	EndGlobalSection
	GlobalSection(NestedProjects) = preSolution
		{6A956B80-F0CA-44C8-9587-E4FC5C2DC976} = {A4E229BD-6C2F-47E7-9F0A-879332215A1A}
		{A870C440-984C-4C60-A730-DA38ED151851} = {A4E229BD-6C2F-47E7-9F0A-879332215A1A}
		{F8F579DE-5684-4F05-97B0-F8E3FCB46DD1} = {A4E229BD-6C2F-47E7-9F0A-879332215A1A}
		{EED9CB29-B87B-4E2C-BF9D-7D3629C43815} = {94F53954-CF4F-4822-856A-84F15A11AB02}
		{2A3BE184-6E6C-47CF-9892-E579D9A1ABD4} = {94F53954-CF4F-4822-856A-84F15A11AB02}
		{973C3659-A0C0-44EE-8A8C-ABA66EB3E887} = {94F53954-CF4F-4822-856A-84F15A11AB02}
		{A973E0A1-95F3-404D-B2D9-075BCFEE93A0} = {A4E229BD-6C2F-47E7-9F0A-879332215A1A}
		{735C14AC-44FC-49EF-A779-2E318F4A4C88} = {94F53954-CF4F-4822-856A-84F15A11AB02}
		{B10876AA-CD60-47F4-BA64-CB22857DC4A1} = {271E9717-E4CA-49BE-BD7F-C5F8F16B1454}
		{7B9BD238-33E3-4EDB-A92A-C995ADF82344} = {271E9717-E4CA-49BE-BD7F-C5F8F16B1454}
		{46C43068-0FBB-459A-B072-A82270749B80} = {271E9717-E4CA-49BE-BD7F-C5F8F16B1454}
		{98940AF6-DA4B-4377-8CAB-D3CDE0455814} = {271E9717-E4CA-49BE-BD7F-C5F8F16B1454}
		{876B1E3D-D7A4-4031-AD9A-8901B1CAEE70} = {70A74F67-1902-4F94-A4D5-B36A8E33F23C}
		{824DC0F7-865D-48D8-8EAE-A79CA0709C0C} = {70A74F67-1902-4F94-A4D5-B36A8E33F23C}
		{88BF301F-585B-4893-8040-C239B7BD6CC2} = {70A74F67-1902-4F94-A4D5-B36A8E33F23C}
		{40D0763D-7585-4B28-A745-C15239F19B83} = {70A74F67-1902-4F94-A4D5-B36A8E33F23C}
	EndGlobalSection
	GlobalSection(ExtensibilityGlobals) = postSolution
		SolutionGuid = {BB173A27-51F9-4EC1-BA21-21270EBBE7E6}
	EndGlobalSection
EndGlobal
